
Microsoft Visual Studio Solution File, Format Version 12.00
# Visual Studio Version 16
VisualStudioVersion = 16.0.30804.86
MinimumVisualStudioVersion = 10.0.40219.1
Project("{FAE04EC0-301F-11D3-BF4B-00C04F79EFBC}") = "SmartClinic", "SmartClinic.csproj", "{F6BEC3C8-A793-49E3-A38A-A484DF5AB030}"
EndProject
Global
	GlobalSection(SolutionConfigurationPlatforms) = preSolution
		Debug|x86 = Debug|x86
		Release|x86 = Release|x86
	EndGlobalSection
	GlobalSection(ProjectConfigurationPlatforms) = postSolution
		{F6BEC3C8-A793-49E3-A38A-A484DF5AB030}.Debug|x86.ActiveCfg = Debug|x86
		{F6BEC3C8-A793-49E3-A38A-A484DF5AB030}.Debug|x86.Build.0 = Debug|x86
		{F6BEC3C8-A793-49E3-A38A-A484DF5AB030}.Release|x86.ActiveCfg = Release|x86
		{F6BEC3C8-A793-49E3-A38A-A484DF5AB030}.Release|x86.Build.0 = Release|x86
	EndGlobalSection
	GlobalSection(SolutionProperties) = preSolution
		HideSolutionNode = FALSE
	EndGlobalSection
	GlobalSection(ExtensibilityGlobals) = postSolution
		SolutionGuid = {859E83A0-B92E-4F0A-8352-D6AB2297A675}
	EndGlobalSection
EndGlobal
